
Microsoft Visual Studio Solution File, Format Version 12.00
# Visual Studio 2012
Project("{FAE04EC0-301F-11D3-BF4B-00C04F79EFBC}") = "ders 9 (panel kulanımı)", "ders 9 (panel kulanımı)\ders 9 (panel kulanımı).csproj", "{DC25A59A-9CF9-4322-B1D7-875981079284}"
EndProject
Global
	GlobalSection(SolutionConfigurationPlatforms) = preSolution
		Debug|Any CPU = Debug|Any CPU
		Release|Any CPU = Release|Any CPU
	EndGlobalSection
	GlobalSection(ProjectConfigurationPlatforms) = postSolution
		{DC25A59A-9CF9-4322-B1D7-875981079284}.Debug|Any CPU.ActiveCfg = Debug|Any CPU
		{DC25A59A-9CF9-4322-B1D7-875981079284}.Debug|Any CPU.Build.0 = Debug|Any CPU
		{DC25A59A-9CF9-4322-B1D7-875981079284}.Release|Any CPU.ActiveCfg = Release|Any CPU
		{DC25A59A-9CF9-4322-B1D7-875981079284}.Release|Any CPU.Build.0 = Release|Any CPU
	EndGlobalSection
	GlobalSection(SolutionProperties) = preSolution
		HideSolutionNode = FALSE
	EndGlobalSection
EndGlobal
